
Microsoft Visual Studio Solution File, Format Version 12.00
# Visual Studio Version 16
VisualStudioVersion = 16.0.30114.105
MinimumVisualStudioVersion = 10.0.40219.1
Project("{2150E333-8FDC-42A3-9474-1A3956D46DE8}") = "src", "src", "{3B0F3EDF-B1A1-4267-AAAC-6C6B1FC79BA5}"
EndProject
Project("{FAE04EC0-301F-11D3-BF4B-00C04F79EFBC}") = "Upgrade.TraineeAdmin", "src\Upgrade.TraineeAdmin\Upgrade.TraineeAdmin.csproj", "{2FB028CB-5ED9-4DC2-B660-2109A40B86BB}"
EndProject
Project("{2150E333-8FDC-42A3-9474-1A3956D46DE8}") = "test", "test", "{7DB4E0ED-B221-476A-9E82-C91839204572}"
EndProject
Project("{FAE04EC0-301F-11D3-BF4B-00C04F79EFBC}") = "Upgrade.TraineeAdmin.Test", "test\Upgrade.TraineeAdmin.Test\Upgrade.TraineeAdmin.Test.csproj", "{7C0E395F-7FBF-4C89-906D-09B71C8FD521}"
EndProject
Project("{FAE04EC0-301F-11D3-BF4B-00C04F79EFBC}") = "Upgrade.TraineeAdmin.Api", "src\Upgrade.TraineeAdmin.Api\Upgrade.TraineeAdmin.Api.csproj", "{8D4E8D50-FAF3-4005-BC8A-4AA0EAEECDF7}"
EndProject
Project("{FAE04EC0-301F-11D3-BF4B-00C04F79EFBC}") = "Upgrade.TraineeAdmin.Domain", "src\Upgrade.TraineeAdmin.Domain\Upgrade.TraineeAdmin.Domain.csproj", "{83335E82-E0D2-4171-8F54-7D6B2B87B95B}"
EndProject
Project("{FAE04EC0-301F-11D3-BF4B-00C04F79EFBC}") = "Upgrade.TraineeAdmin.Infrastructure", "src\Upgrade.TraineeAdmin.Infrastructure\Upgrade.TraineeAdmin.Infrastructure.csproj", "{1F5E85C4-76F5-44B7-AAC4-DA7DE6BFB2C6}"
EndProject
Project("{FAE04EC0-301F-11D3-BF4B-00C04F79EFBC}") = "Upgrade.TraineeAdmin.DTO", "src\Upgrade.TraineeAdmin.DTO\Upgrade.TraineeAdmin.DTO.csproj", "{BBDFDE28-6A63-41CC-B199-7210DEA18663}"
EndProject
Project("{FAE04EC0-301F-11D3-BF4B-00C04F79EFBC}") = "Upgrade.TraineeAdmin.Services.Abstractions", "src\Upgrade.TraineeAdmin.Services.Abstractions\Upgrade.TraineeAdmin.Services.Abstractions.csproj", "{EFC741ED-ED85-4820-9F7F-EE99F86F75BB}"
EndProject
Project("{FAE04EC0-301F-11D3-BF4B-00C04F79EFBC}") = "Upgrade.TraineeAdmin.Services", "src\Upgrade.TraineeAdmin.Services\Upgrade.TraineeAdmin.Services.csproj", "{36DB016D-5E52-4CA3-A79A-4A37CC66A093}"
EndProject
Project("{FAE04EC0-301F-11D3-BF4B-00C04F79EFBC}") = "Upgrade.TraineeAdmin.IoC", "src\Upgrade.TraineeAdmin.IoC\Upgrade.TraineeAdmin.IoC.csproj", "{7C8A80ED-3623-4112-A853-D90866503F3D}"
EndProject
Project("{FAE04EC0-301F-11D3-BF4B-00C04F79EFBC}") = "Upgrade.TraineeAdmin.Grpc", "src\Upgrade.TraineeAdmin.Grpc\Upgrade.TraineeAdmin.Grpc.csproj", "{CE4161FC-A8DD-416B-9E82-E4674CE0343E}"
EndProject
Project("{FAE04EC0-301F-11D3-BF4B-00C04F79EFBC}") = "Upgrade.TraineeAdmin.Shared", "src\Upgrade.TraineeAdmin.Shared\Upgrade.TraineeAdmin.Shared.csproj", "{871FF2CE-34D0-47D2-AFCE-643BE90793F0}"
EndProject
Project("{FAE04EC0-301F-11D3-BF4B-00C04F79EFBC}") = "Upgrade.TraineeAdmin.Api.Test", "test\Upgrade.TraineeAdmin.Api.Test\Upgrade.TraineeAdmin.Api.Test.csproj", "{73A4C701-DA97-40FC-95A8-19F0EF23ABBF}"
EndProject
Project("{2150E333-8FDC-42A3-9474-1A3956D46DE8}") = "crossc-cutting", "crossc-cutting", "{3ADF059E-5DBD-4F85-B549-5D5DCC314E6D}"
EndProject
Project("{FAE04EC0-301F-11D3-BF4B-00C04F79EFBC}") = "Upgrade.TraineeAdmin.Security", "src\crossc-cutting\Upgrade.TraineeAdmin.Security\Upgrade.TraineeAdmin.Security.csproj", "{24E56BB0-8C12-4022-9048-539F236B0D04}"
EndProject
Project("{FAE04EC0-301F-11D3-BF4B-00C04F79EFBC}") = "Upgrade.TraineeAdmin.Exceptions", "src\crossc-cutting\Upgrade.TraineeAdmin.Exceptions\Upgrade.TraineeAdmin.Exceptions.csproj", "{642C9D7C-F9EB-4406-960C-E47E28894094}"
EndProject
Global
	GlobalSection(SolutionConfigurationPlatforms) = preSolution
		Debug|Any CPU = Debug|Any CPU
		Debug|x64 = Debug|x64
		Debug|x86 = Debug|x86
		Release|Any CPU = Release|Any CPU
		Release|x64 = Release|x64
		Release|x86 = Release|x86
	EndGlobalSection
	GlobalSection(SolutionProperties) = preSolution
		HideSolutionNode = FALSE
	EndGlobalSection
	GlobalSection(ProjectConfigurationPlatforms) = postSolution
		{2FB028CB-5ED9-4DC2-B660-2109A40B86BB}.Debug|Any CPU.ActiveCfg = Debug|Any CPU
		{2FB028CB-5ED9-4DC2-B660-2109A40B86BB}.Debug|Any CPU.Build.0 = Debug|Any CPU
		{2FB028CB-5ED9-4DC2-B660-2109A40B86BB}.Debug|x64.ActiveCfg = Debug|Any CPU
		{2FB028CB-5ED9-4DC2-B660-2109A40B86BB}.Debug|x64.Build.0 = Debug|Any CPU
		{2FB028CB-5ED9-4DC2-B660-2109A40B86BB}.Debug|x86.ActiveCfg = Debug|Any CPU
		{2FB028CB-5ED9-4DC2-B660-2109A40B86BB}.Debug|x86.Build.0 = Debug|Any CPU
		{2FB028CB-5ED9-4DC2-B660-2109A40B86BB}.Release|Any CPU.ActiveCfg = Release|Any CPU
		{2FB028CB-5ED9-4DC2-B660-2109A40B86BB}.Release|Any CPU.Build.0 = Release|Any CPU
		{2FB028CB-5ED9-4DC2-B660-2109A40B86BB}.Release|x64.ActiveCfg = Release|Any CPU
		{2FB028CB-5ED9-4DC2-B660-2109A40B86BB}.Release|x64.Build.0 = Release|Any CPU
		{2FB028CB-5ED9-4DC2-B660-2109A40B86BB}.Release|x86.ActiveCfg = Release|Any CPU
		{2FB028CB-5ED9-4DC2-B660-2109A40B86BB}.Release|x86.Build.0 = Release|Any CPU
		{7C0E395F-7FBF-4C89-906D-09B71C8FD521}.Debug|Any CPU.ActiveCfg = Debug|Any CPU
		{7C0E395F-7FBF-4C89-906D-09B71C8FD521}.Debug|Any CPU.Build.0 = Debug|Any CPU
		{7C0E395F-7FBF-4C89-906D-09B71C8FD521}.Debug|x64.ActiveCfg = Debug|Any CPU
		{7C0E395F-7FBF-4C89-906D-09B71C8FD521}.Debug|x64.Build.0 = Debug|Any CPU
		{7C0E395F-7FBF-4C89-906D-09B71C8FD521}.Debug|x86.ActiveCfg = Debug|Any CPU
		{7C0E395F-7FBF-4C89-906D-09B71C8FD521}.Debug|x86.Build.0 = Debug|Any CPU
		{7C0E395F-7FBF-4C89-906D-09B71C8FD521}.Release|Any CPU.ActiveCfg = Release|Any CPU
		{7C0E395F-7FBF-4C89-906D-09B71C8FD521}.Release|Any CPU.Build.0 = Release|Any CPU
		{7C0E395F-7FBF-4C89-906D-09B71C8FD521}.Release|x64.ActiveCfg = Release|Any CPU
		{7C0E395F-7FBF-4C89-906D-09B71C8FD521}.Release|x64.Build.0 = Release|Any CPU
		{7C0E395F-7FBF-4C89-906D-09B71C8FD521}.Release|x86.ActiveCfg = Release|Any CPU
		{7C0E395F-7FBF-4C89-906D-09B71C8FD521}.Release|x86.Build.0 = Release|Any CPU
		{8D4E8D50-FAF3-4005-BC8A-4AA0EAEECDF7}.Debug|Any CPU.ActiveCfg = Debug|Any CPU
		{8D4E8D50-FAF3-4005-BC8A-4AA0EAEECDF7}.Debug|Any CPU.Build.0 = Debug|Any CPU
		{8D4E8D50-FAF3-4005-BC8A-4AA0EAEECDF7}.Debug|x64.ActiveCfg = Debug|Any CPU
		{8D4E8D50-FAF3-4005-BC8A-4AA0EAEECDF7}.Debug|x64.Build.0 = Debug|Any CPU
		{8D4E8D50-FAF3-4005-BC8A-4AA0EAEECDF7}.Debug|x86.ActiveCfg = Debug|Any CPU
		{8D4E8D50-FAF3-4005-BC8A-4AA0EAEECDF7}.Debug|x86.Build.0 = Debug|Any CPU
		{8D4E8D50-FAF3-4005-BC8A-4AA0EAEECDF7}.Release|Any CPU.ActiveCfg = Release|Any CPU
		{8D4E8D50-FAF3-4005-BC8A-4AA0EAEECDF7}.Release|Any CPU.Build.0 = Release|Any CPU
		{8D4E8D50-FAF3-4005-BC8A-4AA0EAEECDF7}.Release|x64.ActiveCfg = Release|Any CPU
		{8D4E8D50-FAF3-4005-BC8A-4AA0EAEECDF7}.Release|x64.Build.0 = Release|Any CPU
		{8D4E8D50-FAF3-4005-BC8A-4AA0EAEECDF7}.Release|x86.ActiveCfg = Release|Any CPU
		{8D4E8D50-FAF3-4005-BC8A-4AA0EAEECDF7}.Release|x86.Build.0 = Release|Any CPU
		{83335E82-E0D2-4171-8F54-7D6B2B87B95B}.Debug|Any CPU.ActiveCfg = Debug|Any CPU
		{83335E82-E0D2-4171-8F54-7D6B2B87B95B}.Debug|Any CPU.Build.0 = Debug|Any CPU
		{83335E82-E0D2-4171-8F54-7D6B2B87B95B}.Debug|x64.ActiveCfg = Debug|Any CPU
		{83335E82-E0D2-4171-8F54-7D6B2B87B95B}.Debug|x64.Build.0 = Debug|Any CPU
		{83335E82-E0D2-4171-8F54-7D6B2B87B95B}.Debug|x86.ActiveCfg = Debug|Any CPU
		{83335E82-E0D2-4171-8F54-7D6B2B87B95B}.Debug|x86.Build.0 = Debug|Any CPU
		{83335E82-E0D2-4171-8F54-7D6B2B87B95B}.Release|Any CPU.ActiveCfg = Release|Any CPU
		{83335E82-E0D2-4171-8F54-7D6B2B87B95B}.Release|Any CPU.Build.0 = Release|Any CPU
		{83335E82-E0D2-4171-8F54-7D6B2B87B95B}.Release|x64.ActiveCfg = Release|Any CPU
		{83335E82-E0D2-4171-8F54-7D6B2B87B95B}.Release|x64.Build.0 = Release|Any CPU
		{83335E82-E0D2-4171-8F54-7D6B2B87B95B}.Release|x86.ActiveCfg = Release|Any CPU
		{83335E82-E0D2-4171-8F54-7D6B2B87B95B}.Release|x86.Build.0 = Release|Any CPU
		{1F5E85C4-76F5-44B7-AAC4-DA7DE6BFB2C6}.Debug|Any CPU.ActiveCfg = Debug|Any CPU
		{1F5E85C4-76F5-44B7-AAC4-DA7DE6BFB2C6}.Debug|Any CPU.Build.0 = Debug|Any CPU
		{1F5E85C4-76F5-44B7-AAC4-DA7DE6BFB2C6}.Debug|x64.ActiveCfg = Debug|Any CPU
		{1F5E85C4-76F5-44B7-AAC4-DA7DE6BFB2C6}.Debug|x64.Build.0 = Debug|Any CPU
		{1F5E85C4-76F5-44B7-AAC4-DA7DE6BFB2C6}.Debug|x86.ActiveCfg = Debug|Any CPU
		{1F5E85C4-76F5-44B7-AAC4-DA7DE6BFB2C6}.Debug|x86.Build.0 = Debug|Any CPU
		{1F5E85C4-76F5-44B7-AAC4-DA7DE6BFB2C6}.Release|Any CPU.ActiveCfg = Release|Any CPU
		{1F5E85C4-76F5-44B7-AAC4-DA7DE6BFB2C6}.Release|Any CPU.Build.0 = Release|Any CPU
		{1F5E85C4-76F5-44B7-AAC4-DA7DE6BFB2C6}.Release|x64.ActiveCfg = Release|Any CPU
		{1F5E85C4-76F5-44B7-AAC4-DA7DE6BFB2C6}.Release|x64.Build.0 = Release|Any CPU
		{1F5E85C4-76F5-44B7-AAC4-DA7DE6BFB2C6}.Release|x86.ActiveCfg = Release|Any CPU
		{1F5E85C4-76F5-44B7-AAC4-DA7DE6BFB2C6}.Release|x86.Build.0 = Release|Any CPU
		{BBDFDE28-6A63-41CC-B199-7210DEA18663}.Debug|Any CPU.ActiveCfg = Debug|Any CPU
		{BBDFDE28-6A63-41CC-B199-7210DEA18663}.Debug|Any CPU.Build.0 = Debug|Any CPU
		{BBDFDE28-6A63-41CC-B199-7210DEA18663}.Debug|x64.ActiveCfg = Debug|Any CPU
		{BBDFDE28-6A63-41CC-B199-7210DEA18663}.Debug|x64.Build.0 = Debug|Any CPU
		{BBDFDE28-6A63-41CC-B199-7210DEA18663}.Debug|x86.ActiveCfg = Debug|Any CPU
		{BBDFDE28-6A63-41CC-B199-7210DEA18663}.Debug|x86.Build.0 = Debug|Any CPU
		{BBDFDE28-6A63-41CC-B199-7210DEA18663}.Release|Any CPU.ActiveCfg = Release|Any CPU
		{BBDFDE28-6A63-41CC-B199-7210DEA18663}.Release|Any CPU.Build.0 = Release|Any CPU
		{BBDFDE28-6A63-41CC-B199-7210DEA18663}.Release|x64.ActiveCfg = Release|Any CPU
		{BBDFDE28-6A63-41CC-B199-7210DEA18663}.Release|x64.Build.0 = Release|Any CPU
		{BBDFDE28-6A63-41CC-B199-7210DEA18663}.Release|x86.ActiveCfg = Release|Any CPU
		{BBDFDE28-6A63-41CC-B199-7210DEA18663}.Release|x86.Build.0 = Release|Any CPU
		{EFC741ED-ED85-4820-9F7F-EE99F86F75BB}.Debug|Any CPU.ActiveCfg = Debug|Any CPU
		{EFC741ED-ED85-4820-9F7F-EE99F86F75BB}.Debug|Any CPU.Build.0 = Debug|Any CPU
		{EFC741ED-ED85-4820-9F7F-EE99F86F75BB}.Debug|x64.ActiveCfg = Debug|Any CPU
		{EFC741ED-ED85-4820-9F7F-EE99F86F75BB}.Debug|x64.Build.0 = Debug|Any CPU
		{EFC741ED-ED85-4820-9F7F-EE99F86F75BB}.Debug|x86.ActiveCfg = Debug|Any CPU
		{EFC741ED-ED85-4820-9F7F-EE99F86F75BB}.Debug|x86.Build.0 = Debug|Any CPU
		{EFC741ED-ED85-4820-9F7F-EE99F86F75BB}.Release|Any CPU.ActiveCfg = Release|Any CPU
		{EFC741ED-ED85-4820-9F7F-EE99F86F75BB}.Release|Any CPU.Build.0 = Release|Any CPU
		{EFC741ED-ED85-4820-9F7F-EE99F86F75BB}.Release|x64.ActiveCfg = Release|Any CPU
		{EFC741ED-ED85-4820-9F7F-EE99F86F75BB}.Release|x64.Build.0 = Release|Any CPU
		{EFC741ED-ED85-4820-9F7F-EE99F86F75BB}.Release|x86.ActiveCfg = Release|Any CPU
		{EFC741ED-ED85-4820-9F7F-EE99F86F75BB}.Release|x86.Build.0 = Release|Any CPU
		{36DB016D-5E52-4CA3-A79A-4A37CC66A093}.Debug|Any CPU.ActiveCfg = Debug|Any CPU
		{36DB016D-5E52-4CA3-A79A-4A37CC66A093}.Debug|Any CPU.Build.0 = Debug|Any CPU
		{36DB016D-5E52-4CA3-A79A-4A37CC66A093}.Debug|x64.ActiveCfg = Debug|Any CPU
		{36DB016D-5E52-4CA3-A79A-4A37CC66A093}.Debug|x64.Build.0 = Debug|Any CPU
		{36DB016D-5E52-4CA3-A79A-4A37CC66A093}.Debug|x86.ActiveCfg = Debug|Any CPU
		{36DB016D-5E52-4CA3-A79A-4A37CC66A093}.Debug|x86.Build.0 = Debug|Any CPU
		{36DB016D-5E52-4CA3-A79A-4A37CC66A093}.Release|Any CPU.ActiveCfg = Release|Any CPU
		{36DB016D-5E52-4CA3-A79A-4A37CC66A093}.Release|Any CPU.Build.0 = Release|Any CPU
		{36DB016D-5E52-4CA3-A79A-4A37CC66A093}.Release|x64.ActiveCfg = Release|Any CPU
		{36DB016D-5E52-4CA3-A79A-4A37CC66A093}.Release|x64.Build.0 = Release|Any CPU
		{36DB016D-5E52-4CA3-A79A-4A37CC66A093}.Release|x86.ActiveCfg = Release|Any CPU
		{36DB016D-5E52-4CA3-A79A-4A37CC66A093}.Release|x86.Build.0 = Release|Any CPU
		{7C8A80ED-3623-4112-A853-D90866503F3D}.Debug|Any CPU.ActiveCfg = Debug|Any CPU
		{7C8A80ED-3623-4112-A853-D90866503F3D}.Debug|Any CPU.Build.0 = Debug|Any CPU
		{7C8A80ED-3623-4112-A853-D90866503F3D}.Debug|x64.ActiveCfg = Debug|Any CPU
		{7C8A80ED-3623-4112-A853-D90866503F3D}.Debug|x64.Build.0 = Debug|Any CPU
		{7C8A80ED-3623-4112-A853-D90866503F3D}.Debug|x86.ActiveCfg = Debug|Any CPU
		{7C8A80ED-3623-4112-A853-D90866503F3D}.Debug|x86.Build.0 = Debug|Any CPU
		{7C8A80ED-3623-4112-A853-D90866503F3D}.Release|Any CPU.ActiveCfg = Release|Any CPU
		{7C8A80ED-3623-4112-A853-D90866503F3D}.Release|Any CPU.Build.0 = Release|Any CPU
		{7C8A80ED-3623-4112-A853-D90866503F3D}.Release|x64.ActiveCfg = Release|Any CPU
		{7C8A80ED-3623-4112-A853-D90866503F3D}.Release|x64.Build.0 = Release|Any CPU
		{7C8A80ED-3623-4112-A853-D90866503F3D}.Release|x86.ActiveCfg = Release|Any CPU
		{7C8A80ED-3623-4112-A853-D90866503F3D}.Release|x86.Build.0 = Release|Any CPU
		{CE4161FC-A8DD-416B-9E82-E4674CE0343E}.Debug|Any CPU.ActiveCfg = Debug|Any CPU
		{CE4161FC-A8DD-416B-9E82-E4674CE0343E}.Debug|Any CPU.Build.0 = Debug|Any CPU
		{CE4161FC-A8DD-416B-9E82-E4674CE0343E}.Debug|x64.ActiveCfg = Debug|Any CPU
		{CE4161FC-A8DD-416B-9E82-E4674CE0343E}.Debug|x64.Build.0 = Debug|Any CPU
		{CE4161FC-A8DD-416B-9E82-E4674CE0343E}.Debug|x86.ActiveCfg = Debug|Any CPU
		{CE4161FC-A8DD-416B-9E82-E4674CE0343E}.Debug|x86.Build.0 = Debug|Any CPU
		{CE4161FC-A8DD-416B-9E82-E4674CE0343E}.Release|Any CPU.ActiveCfg = Release|Any CPU
		{CE4161FC-A8DD-416B-9E82-E4674CE0343E}.Release|Any CPU.Build.0 = Release|Any CPU
		{CE4161FC-A8DD-416B-9E82-E4674CE0343E}.Release|x64.ActiveCfg = Release|Any CPU
		{CE4161FC-A8DD-416B-9E82-E4674CE0343E}.Release|x64.Build.0 = Release|Any CPU
		{CE4161FC-A8DD-416B-9E82-E4674CE0343E}.Release|x86.ActiveCfg = Release|Any CPU
		{CE4161FC-A8DD-416B-9E82-E4674CE0343E}.Release|x86.Build.0 = Release|Any CPU
		{871FF2CE-34D0-47D2-AFCE-643BE90793F0}.Debug|Any CPU.ActiveCfg = Debug|Any CPU
		{871FF2CE-34D0-47D2-AFCE-643BE90793F0}.Debug|Any CPU.Build.0 = Debug|Any CPU
		{871FF2CE-34D0-47D2-AFCE-643BE90793F0}.Debug|x64.ActiveCfg = Debug|Any CPU
		{871FF2CE-34D0-47D2-AFCE-643BE90793F0}.Debug|x64.Build.0 = Debug|Any CPU
		{871FF2CE-34D0-47D2-AFCE-643BE90793F0}.Debug|x86.ActiveCfg = Debug|Any CPU
		{871FF2CE-34D0-47D2-AFCE-643BE90793F0}.Debug|x86.Build.0 = Debug|Any CPU
		{871FF2CE-34D0-47D2-AFCE-643BE90793F0}.Release|Any CPU.ActiveCfg = Release|Any CPU
		{871FF2CE-34D0-47D2-AFCE-643BE90793F0}.Release|Any CPU.Build.0 = Release|Any CPU
		{871FF2CE-34D0-47D2-AFCE-643BE90793F0}.Release|x64.ActiveCfg = Release|Any CPU
		{871FF2CE-34D0-47D2-AFCE-643BE90793F0}.Release|x64.Build.0 = Release|Any CPU
		{871FF2CE-34D0-47D2-AFCE-643BE90793F0}.Release|x86.ActiveCfg = Release|Any CPU
		{871FF2CE-34D0-47D2-AFCE-643BE90793F0}.Release|x86.Build.0 = Release|Any CPU
		{73A4C701-DA97-40FC-95A8-19F0EF23ABBF}.Debug|Any CPU.ActiveCfg = Debug|Any CPU
		{73A4C701-DA97-40FC-95A8-19F0EF23ABBF}.Debug|Any CPU.Build.0 = Debug|Any CPU
		{73A4C701-DA97-40FC-95A8-19F0EF23ABBF}.Debug|x64.ActiveCfg = Debug|Any CPU
		{73A4C701-DA97-40FC-95A8-19F0EF23ABBF}.Debug|x64.Build.0 = Debug|Any CPU
		{73A4C701-DA97-40FC-95A8-19F0EF23ABBF}.Debug|x86.ActiveCfg = Debug|Any CPU
		{73A4C701-DA97-40FC-95A8-19F0EF23ABBF}.Debug|x86.Build.0 = Debug|Any CPU
		{73A4C701-DA97-40FC-95A8-19F0EF23ABBF}.Release|Any CPU.ActiveCfg = Release|Any CPU
		{73A4C701-DA97-40FC-95A8-19F0EF23ABBF}.Release|Any CPU.Build.0 = Release|Any CPU
		{73A4C701-DA97-40FC-95A8-19F0EF23ABBF}.Release|x64.ActiveCfg = Release|Any CPU
		{73A4C701-DA97-40FC-95A8-19F0EF23ABBF}.Release|x64.Build.0 = Release|Any CPU
		{73A4C701-DA97-40FC-95A8-19F0EF23ABBF}.Release|x86.ActiveCfg = Release|Any CPU
		{73A4C701-DA97-40FC-95A8-19F0EF23ABBF}.Release|x86.Build.0 = Release|Any CPU
		{24E56BB0-8C12-4022-9048-539F236B0D04}.Debug|Any CPU.ActiveCfg = Debug|Any CPU
		{24E56BB0-8C12-4022-9048-539F236B0D04}.Debug|Any CPU.Build.0 = Debug|Any CPU
		{24E56BB0-8C12-4022-9048-539F236B0D04}.Debug|x64.ActiveCfg = Debug|Any CPU
		{24E56BB0-8C12-4022-9048-539F236B0D04}.Debug|x64.Build.0 = Debug|Any CPU
		{24E56BB0-8C12-4022-9048-539F236B0D04}.Debug|x86.ActiveCfg = Debug|Any CPU
		{24E56BB0-8C12-4022-9048-539F236B0D04}.Debug|x86.Build.0 = Debug|Any CPU
		{24E56BB0-8C12-4022-9048-539F236B0D04}.Release|Any CPU.ActiveCfg = Release|Any CPU
		{24E56BB0-8C12-4022-9048-539F236B0D04}.Release|Any CPU.Build.0 = Release|Any CPU
		{24E56BB0-8C12-4022-9048-539F236B0D04}.Release|x64.ActiveCfg = Release|Any CPU
		{24E56BB0-8C12-4022-9048-539F236B0D04}.Release|x64.Build.0 = Release|Any CPU
		{24E56BB0-8C12-4022-9048-539F236B0D04}.Release|x86.ActiveCfg = Release|Any CPU
		{24E56BB0-8C12-4022-9048-539F236B0D04}.Release|x86.Build.0 = Release|Any CPU
		{642C9D7C-F9EB-4406-960C-E47E28894094}.Debug|Any CPU.ActiveCfg = Debug|Any CPU
		{642C9D7C-F9EB-4406-960C-E47E28894094}.Debug|Any CPU.Build.0 = Debug|Any CPU
		{642C9D7C-F9EB-4406-960C-E47E28894094}.Debug|x64.ActiveCfg = Debug|Any CPU
		{642C9D7C-F9EB-4406-960C-E47E28894094}.Debug|x64.Build.0 = Debug|Any CPU
		{642C9D7C-F9EB-4406-960C-E47E28894094}.Debug|x86.ActiveCfg = Debug|Any CPU
		{642C9D7C-F9EB-4406-960C-E47E28894094}.Debug|x86.Build.0 = Debug|Any CPU
		{642C9D7C-F9EB-4406-960C-E47E28894094}.Release|Any CPU.ActiveCfg = Release|Any CPU
		{642C9D7C-F9EB-4406-960C-E47E28894094}.Release|Any CPU.Build.0 = Release|Any CPU
		{642C9D7C-F9EB-4406-960C-E47E28894094}.Release|x64.ActiveCfg = Release|Any CPU
		{642C9D7C-F9EB-4406-960C-E47E28894094}.Release|x64.Build.0 = Release|Any CPU
		{642C9D7C-F9EB-4406-960C-E47E28894094}.Release|x86.ActiveCfg = Release|Any CPU
		{642C9D7C-F9EB-4406-960C-E47E28894094}.Release|x86.Build.0 = Release|Any CPU
	EndGlobalSection
	GlobalSection(NestedProjects) = preSolution
		{2FB028CB-5ED9-4DC2-B660-2109A40B86BB} = {3B0F3EDF-B1A1-4267-AAAC-6C6B1FC79BA5}
		{7C0E395F-7FBF-4C89-906D-09B71C8FD521} = {7DB4E0ED-B221-476A-9E82-C91839204572}
		{8D4E8D50-FAF3-4005-BC8A-4AA0EAEECDF7} = {3B0F3EDF-B1A1-4267-AAAC-6C6B1FC79BA5}
		{83335E82-E0D2-4171-8F54-7D6B2B87B95B} = {3B0F3EDF-B1A1-4267-AAAC-6C6B1FC79BA5}
		{1F5E85C4-76F5-44B7-AAC4-DA7DE6BFB2C6} = {3B0F3EDF-B1A1-4267-AAAC-6C6B1FC79BA5}
		{BBDFDE28-6A63-41CC-B199-7210DEA18663} = {3B0F3EDF-B1A1-4267-AAAC-6C6B1FC79BA5}
		{EFC741ED-ED85-4820-9F7F-EE99F86F75BB} = {3B0F3EDF-B1A1-4267-AAAC-6C6B1FC79BA5}
		{36DB016D-5E52-4CA3-A79A-4A37CC66A093} = {3B0F3EDF-B1A1-4267-AAAC-6C6B1FC79BA5}
		{7C8A80ED-3623-4112-A853-D90866503F3D} = {3B0F3EDF-B1A1-4267-AAAC-6C6B1FC79BA5}
		{CE4161FC-A8DD-416B-9E82-E4674CE0343E} = {3B0F3EDF-B1A1-4267-AAAC-6C6B1FC79BA5}
		{871FF2CE-34D0-47D2-AFCE-643BE90793F0} = {3B0F3EDF-B1A1-4267-AAAC-6C6B1FC79BA5}
		{73A4C701-DA97-40FC-95A8-19F0EF23ABBF} = {7DB4E0ED-B221-476A-9E82-C91839204572}
		{3ADF059E-5DBD-4F85-B549-5D5DCC314E6D} = {3B0F3EDF-B1A1-4267-AAAC-6C6B1FC79BA5}
		{24E56BB0-8C12-4022-9048-539F236B0D04} = {3ADF059E-5DBD-4F85-B549-5D5DCC314E6D}
		{642C9D7C-F9EB-4406-960C-E47E28894094} = {3ADF059E-5DBD-4F85-B549-5D5DCC314E6D}
	EndGlobalSection
EndGlobal
